<?xml version="1.0" encoding="utf-8"?>
<Project ToolsVersion="4.0" xmlns="http://schemas.microsoft.com/developer/msbuild/2003">
  <ItemGroup>
    <Filter Include="Source Files">
      <UniqueIdentifier>{5f04a85d-16ce-43af-ae0f-8abc9c612659}</UniqueIdentifier>
      <Extensions>cpp;c;cxx;rc;def;r;odl;idl;hpj;bat</Extensions>
    </Filter>
    <Filter Include="Resource Files">
      <UniqueIdentifier>{6975d31f-e2bf-4f72-8922-da3190bcb40e}</UniqueIdentifier>
      <Extensions>ico;cur;bmp;dlg;rc2;rct;bin;rgs;gif;jpg;jpeg;jpe</Extensions>
    </Filter>
  </ItemGroup>
  <ItemGroup>
    <ClCompile Include="dx9_d3dxsprite.cpp">
      <Filter>Source Files</Filter>
    </ClCompile>
    <ClCompile Include="MySprite.cpp">
      <Filter>Source Files</Filter>
    </ClCompile>
    <ClCompile Include="MyAnimationSprite.cpp">
      <Filter>Source Files</Filter>
    </ClCompile>
    <ClCompile Include="MyMapSprite.cpp">
      <Filter>Source Files</Filter>
    </ClCompile>
    <ClCompile Include="MyMenuSprite.cpp">
      <Filter>Source Files</Filter>
    </ClCompile>
    <ClCompile Include="MyPlayerHpSprite.cpp">
      <Filter>Source Files</Filter>
    </ClCompile>
    <ClCompile Include="MyReadyStartSprite.cpp">
      <Filter>Source Files</Filter>
    </ClCompile>
    <ClCompile Include="MyAttackSprite.cpp">
      <Filter>Source Files</Filter>
    </ClCompile>
    <ClCompile Include="BossAnimationSprite.cpp">
      <Filter>Source Files</Filter>
    </ClCompile>
    <ClCompile Include="BossAttackSprite.cpp">
      <Filter>Source Files</Filter>
    </ClCompile>
    <ClCompile Include="BossHpSprite.cpp">
      <Filter>Source Files</Filter>
    </ClCompile>
    <ClCompile Include="MyGameEndSprite.cpp">
      <Filter>Source Files</Filter>
    </ClCompile>
  </ItemGroup>
  <ItemGroup>
    <Image Include="codesampler.ico">
      <Filter>Resource Files</Filter>
    </Image>
  </ItemGroup>
  <ItemGroup>
    <ResourceCompile Include="dx9_d3dxsprite.rc">
      <Filter>Resource Files</Filter>
    </ResourceCompile>
  </ItemGroup>
  <ItemGroup>
    <ClInclude Include="resource.h">
      <Filter>Resource Files</Filter>
    </ClInclude>
    <ClInclude Include="MySprite.h" />
    <ClInclude Include="MyAnimationSprite.h" />
    <ClInclude Include="MyMapSprite.h" />
    <ClInclude Include="MyMenuSprite.h" />
    <ClInclude Include="MyPlayerHpSprite.h" />
    <ClInclude Include="MyReadyStartSprite.h" />
    <ClInclude Include="MyAttackSprite.h" />
    <ClInclude Include="BossAnimationSprite.h" />
    <ClInclude Include="BossAttackSprite.h" />
    <ClInclude Include="BossHpSprite.h" />
    <ClInclude Include="MyGameEndSprite.h" />
  </ItemGroup>
</Project>